
Microsoft Visual Studio Solution File, Format Version 12.00
# Visual Studio 15
VisualStudioVersion = 15.0.28307.2092
MinimumVisualStudioVersion = 10.0.40219.1
Project("{FAE04EC0-301F-11D3-BF4B-00C04F79EFBC}") = "CatalogoApp", "CatalogoApp\CatalogoApp.csproj", "{7CF8B6FD-9345-40D7-8F97-464429071BC8}"
EndProject
Project("{FAE04EC0-301F-11D3-BF4B-00C04F79EFBC}") = "dominio", "dominio\dominio.csproj", "{F36C7407-B054-4B70-9894-FF3CF2FAF952}"
EndProject
Project("{FAE04EC0-301F-11D3-BF4B-00C04F79EFBC}") = "negocio", "negocio\negocio.csproj", "{7DCD398E-982E-4977-8004-E2BBDD4D73EA}"
EndProject
Global
	GlobalSection(SolutionConfigurationPlatforms) = preSolution
		Debug|Any CPU = Debug|Any CPU
		Release|Any CPU = Release|Any CPU
	EndGlobalSection
	GlobalSection(ProjectConfigurationPlatforms) = postSolution
		{7CF8B6FD-9345-40D7-8F97-464429071BC8}.Debug|Any CPU.ActiveCfg = Debug|Any CPU
		{7CF8B6FD-9345-40D7-8F97-464429071BC8}.Debug|Any CPU.Build.0 = Debug|Any CPU
		{7CF8B6FD-9345-40D7-8F97-464429071BC8}.Release|Any CPU.ActiveCfg = Release|Any CPU
		{7CF8B6FD-9345-40D7-8F97-464429071BC8}.Release|Any CPU.Build.0 = Release|Any CPU
		{F36C7407-B054-4B70-9894-FF3CF2FAF952}.Debug|Any CPU.ActiveCfg = Debug|Any CPU
		{F36C7407-B054-4B70-9894-FF3CF2FAF952}.Debug|Any CPU.Build.0 = Debug|Any CPU
		{F36C7407-B054-4B70-9894-FF3CF2FAF952}.Release|Any CPU.ActiveCfg = Release|Any CPU
		{F36C7407-B054-4B70-9894-FF3CF2FAF952}.Release|Any CPU.Build.0 = Release|Any CPU
		{7DCD398E-982E-4977-8004-E2BBDD4D73EA}.Debug|Any CPU.ActiveCfg = Debug|Any CPU
		{7DCD398E-982E-4977-8004-E2BBDD4D73EA}.Debug|Any CPU.Build.0 = Debug|Any CPU
		{7DCD398E-982E-4977-8004-E2BBDD4D73EA}.Release|Any CPU.ActiveCfg = Release|Any CPU
		{7DCD398E-982E-4977-8004-E2BBDD4D73EA}.Release|Any CPU.Build.0 = Release|Any CPU
	EndGlobalSection
	GlobalSection(SolutionProperties) = preSolution
		HideSolutionNode = FALSE
	EndGlobalSection
	GlobalSection(ExtensibilityGlobals) = postSolution
		SolutionGuid = {A1BB1DB4-AF56-468F-AFF4-C1C8CCC3E70B}
	EndGlobalSection
EndGlobal
